
Microsoft Visual Studio Solution File, Format Version 12.00
# Visual Studio 15
VisualStudioVersion = 15.0.27004.2008
MinimumVisualStudioVersion = 10.0.40219.1
Project("{FAE04EC0-301F-11D3-BF4B-00C04F79EFBC}") = "DotNetCoreApp", "DotNetCoreApp\DotNetCoreApp.csproj", "{008FA05A-585A-4CBC-AE35-DDD9FE8E27EE}"
EndProject
Global
	GlobalSection(SolutionConfigurationPlatforms) = preSolution
		Debug|Any CPU = Debug|Any CPU
		Release|Any CPU = Release|Any CPU
	EndGlobalSection
	GlobalSection(ProjectConfigurationPlatforms) = postSolution
		{008FA05A-585A-4CBC-AE35-DDD9FE8E27EE}.Debug|Any CPU.ActiveCfg = Debug|Any CPU
		{008FA05A-585A-4CBC-AE35-DDD9FE8E27EE}.Debug|Any CPU.Build.0 = Debug|Any CPU
		{008FA05A-585A-4CBC-AE35-DDD9FE8E27EE}.Release|Any CPU.ActiveCfg = Release|Any CPU
		{008FA05A-585A-4CBC-AE35-DDD9FE8E27EE}.Release|Any CPU.Build.0 = Release|Any CPU
	EndGlobalSection
	GlobalSection(SolutionProperties) = preSolution
		HideSolutionNode = FALSE
	EndGlobalSection
	GlobalSection(ExtensibilityGlobals) = postSolution
		SolutionGuid = {16B8A9F6-B743-42B7-93B6-B1A84AAF5338}
	EndGlobalSection
EndGlobal
